
Microsoft Visual Studio Solution File, Format Version 12.00
# Visual Studio Version 17
VisualStudioVersion = 17.2.32630.192
MinimumVisualStudioVersion = 10.0.40219.1
Project("{9A19103F-16F7-4668-BE54-9A1E7A4F7556}") = "Income and Expense", "Income and Expense\Income and Expense.csproj", "{458E9E94-A90F-4D8B-BD59-5A10904BDBA6}"
EndProject
Global
	GlobalSection(SolutionConfigurationPlatforms) = preSolution
		Debug|Any CPU = Debug|Any CPU
		Release|Any CPU = Release|Any CPU
	EndGlobalSection
	GlobalSection(ProjectConfigurationPlatforms) = postSolution
		{458E9E94-A90F-4D8B-BD59-5A10904BDBA6}.Debug|Any CPU.ActiveCfg = Debug|Any CPU
		{458E9E94-A90F-4D8B-BD59-5A10904BDBA6}.Debug|Any CPU.Build.0 = Debug|Any CPU
		{458E9E94-A90F-4D8B-BD59-5A10904BDBA6}.Release|Any CPU.ActiveCfg = Release|Any CPU
		{458E9E94-A90F-4D8B-BD59-5A10904BDBA6}.Release|Any CPU.Build.0 = Release|Any CPU
	EndGlobalSection
	GlobalSection(SolutionProperties) = preSolution
		HideSolutionNode = FALSE
	EndGlobalSection
	GlobalSection(ExtensibilityGlobals) = postSolution
		SolutionGuid = {52564056-EDC0-4698-B078-1031E25FEF12}
	EndGlobalSection
EndGlobal
